
Microsoft Visual Studio Solution File, Format Version 12.00
# Visual Studio 2013
VisualStudioVersion = 12.0.30110.0
MinimumVisualStudioVersion = 10.0.40219.1
Project("{F2A71F9B-5D33-465A-A702-920D77279786}") = "Elovuon.Console", "Elovuon.Console\Elovuon.Console.fsproj", "{38106EA4-3805-4279-A6FE-B49EF3578955}"
EndProject
Project("{F2A71F9B-5D33-465A-A702-920D77279786}") = "Elovuon.Core", "Elovuon.Core\Elovuon.Core.fsproj", "{ED377CE8-8720-4836-9D93-A3030CE906C3}"
EndProject
Global
	GlobalSection(SolutionConfigurationPlatforms) = preSolution
		Debug|Any CPU = Debug|Any CPU
		Release|Any CPU = Release|Any CPU
	EndGlobalSection
	GlobalSection(ProjectConfigurationPlatforms) = postSolution
		{38106EA4-3805-4279-A6FE-B49EF3578955}.Debug|Any CPU.ActiveCfg = Debug|Any CPU
		{38106EA4-3805-4279-A6FE-B49EF3578955}.Debug|Any CPU.Build.0 = Debug|Any CPU
		{38106EA4-3805-4279-A6FE-B49EF3578955}.Release|Any CPU.ActiveCfg = Release|Any CPU
		{38106EA4-3805-4279-A6FE-B49EF3578955}.Release|Any CPU.Build.0 = Release|Any CPU
		{ED377CE8-8720-4836-9D93-A3030CE906C3}.Debug|Any CPU.ActiveCfg = Debug|Any CPU
		{ED377CE8-8720-4836-9D93-A3030CE906C3}.Debug|Any CPU.Build.0 = Debug|Any CPU
		{ED377CE8-8720-4836-9D93-A3030CE906C3}.Release|Any CPU.ActiveCfg = Release|Any CPU
		{ED377CE8-8720-4836-9D93-A3030CE906C3}.Release|Any CPU.Build.0 = Release|Any CPU
	EndGlobalSection
	GlobalSection(SolutionProperties) = preSolution
		HideSolutionNode = FALSE
	EndGlobalSection
EndGlobal
